// !$*UTF8*$!
{
	archiveVersion = 1;
	classes = {
	};
	objectVersion = 50;
	objects = {

/* Begin PBXBuildFile section */
		2C23A5D02106A61C00BD228A /* DescriptionViewController.m in Sources */ = {isa = PBXBuildFile; fileRef = 2C23A5CF2106A61C00BD228A /* DescriptionViewController.m */; };
		2C23A5D32107E0D100BD228A /* PhotoAnnotation.m in Sources */ = {isa = PBXBuildFile; fileRef = 2C23A5D22107E0D100BD228A /* PhotoAnnotation.m */; };
		2C5C3B8B20FD4110004568EF /* CategoriesCell.m in Sources */ = {isa = PBXBuildFile; fileRef = 2C5C3B8A20FD4110004568EF /* CategoriesCell.m */; };
		2C5C3B8E20FE672F004568EF /* ActsCell.m in Sources */ = {isa = PBXBuildFile; fileRef = 2C5C3B8D20FE672F004568EF /* ActsCell.m */; };
		2C5C3B9120FFB902004568EF /* SearchCell.m in Sources */ = {isa = PBXBuildFile; fileRef = 2C5C3B9020FFB902004568EF /* SearchCell.m */; };
		2C5C3B9A21010DAA004568EF /* PhotoMapViewController.m in Sources */ = {isa = PBXBuildFile; fileRef = 2C5C3B9921010DAA004568EF /* PhotoMapViewController.m */; };
		2C5C3B9C21010E4C004568EF /* MapKit.framework in Frameworks */ = {isa = PBXBuildFile; fileRef = 2C5C3B9B21010E4C004568EF /* MapKit.framework */; };
		2C5C3B9F2101105C004568EF /* LocationsViewController.m in Sources */ = {isa = PBXBuildFile; fileRef = 2C5C3B9E2101105C004568EF /* LocationsViewController.m */; };
		2C5C3BA5210112AB004568EF /* LocationCell.m in Sources */ = {isa = PBXBuildFile; fileRef = 2C5C3BA4210112AB004568EF /* LocationCell.m */; };
		2CBE62AA21091404000A4592 /* FullDescriptionViewController.m in Sources */ = {isa = PBXBuildFile; fileRef = 2CBE62A921091404000A4592 /* FullDescriptionViewController.m */; };
		2CE1BB81210958C800F2ACA4 /* iCarousel.m in Sources */ = {isa = PBXBuildFile; fileRef = 2CE1BB7F210958C800F2ACA4 /* iCarousel.m */; settings = {COMPILER_FLAGS = "-fobjc-arc"; }; };
		2CE1BB832109599B00F2ACA4 /* QuartzCore.framework in Frameworks */ = {isa = PBXBuildFile; fileRef = 2CE1BB822109599B00F2ACA4 /* QuartzCore.framework */; };
		48C64369F47B34DDACE94B5B /* libPods-rak.a in Frameworks */ = {isa = PBXBuildFile; fileRef = 2ECDF13E0D63C064B2817FBB /* libPods-rak.a */; };
		54516846210018CC00D45FE3 /* TimelineViewController.m in Sources */ = {isa = PBXBuildFile; fileRef = 54516845210018CC00D45FE3 /* TimelineViewController.m */; };
		5451684921010DD200D45FE3 /* TimelineTableViewCell.m in Sources */ = {isa = PBXBuildFile; fileRef = 5451684821010DD200D45FE3 /* TimelineTableViewCell.m */; };
		5451684F2101506000D45FE3 /* ComposingViewController.m in Sources */ = {isa = PBXBuildFile; fileRef = 5451684E2101506000D45FE3 /* ComposingViewController.m */; };
		548438A420FFAD8B00592EB1 /* Search.storyboard in Resources */ = {isa = PBXBuildFile; fileRef = 548438A320FFAD8B00592EB1 /* Search.storyboard */; };
		548438A720FFB65700592EB1 /* SearchViewController.m in Sources */ = {isa = PBXBuildFile; fileRef = 548438A620FFB65700592EB1 /* SearchViewController.m */; };
		548438A920FFEB4900592EB1 /* UserNotifications.framework in Frameworks */ = {isa = PBXBuildFile; fileRef = 548438A820FFEB4900592EB1 /* UserNotifications.framework */; };
		548438AB20FFF7F900592EB1 /* Timeline.storyboard in Resources */ = {isa = PBXBuildFile; fileRef = 548438AA20FFF7F900592EB1 /* Timeline.storyboard */; };
		548438AD20FFF8EB00592EB1 /* Map.storyboard in Resources */ = {isa = PBXBuildFile; fileRef = 548438AC20FFF8EB00592EB1 /* Map.storyboard */; };
		548B222D20FD508200D667F7 /* ActsTableViewCell.m in Sources */ = {isa = PBXBuildFile; fileRef = 548B222C20FD508200D667F7 /* ActsTableViewCell.m */; };
		54BE1DA621069D8200DA4A25 /* APIManager.m in Sources */ = {isa = PBXBuildFile; fileRef = 54BE1DA521069D8200DA4A25 /* APIManager.m */; };
		54BE1DAD2106A01000DA4A25 /* Tweet.m in Sources */ = {isa = PBXBuildFile; fileRef = 54BE1DAC2106A01000DA4A25 /* Tweet.m */; };
		5D190FBD20FFEEA4002A469B /* DetailHeaderView.m in Sources */ = {isa = PBXBuildFile; fileRef = 5D190FBC20FFEEA4002A469B /* DetailHeaderView.m */; };
		5D190FC0210001CA002A469B /* DateFunctions.m in Sources */ = {isa = PBXBuildFile; fileRef = 5D190FBF210001CA002A469B /* DateFunctions.m */; };
		5D190FC321000EB3002A469B /* Post.m in Sources */ = {isa = PBXBuildFile; fileRef = 5D190FC221000EB3002A469B /* Post.m */; };
		5D1E72E62107BBFE00C0FA8E /* MessageView.m in Sources */ = {isa = PBXBuildFile; fileRef = 5D1E72E52107BBFE00C0FA8E /* MessageView.m */; };
		5D1E72E92107E7BE00C0FA8E /* PopoverViewController.m in Sources */ = {isa = PBXBuildFile; fileRef = 5D1E72E82107E7BE00C0FA8E /* PopoverViewController.m */; };
		5D1E72EC2109406300C0FA8E /* AppDelegate.m in Sources */ = {isa = PBXBuildFile; fileRef = 5D1E72EA2109406300C0FA8E /* AppDelegate.m */; };
		5D329CF120FD15A200C180C9 /* Main.storyboard in Resources */ = {isa = PBXBuildFile; fileRef = 5D329CEF20FD15A200C180C9 /* Main.storyboard */; };
		5D329CF320FD15A300C180C9 /* Assets.xcassets in Resources */ = {isa = PBXBuildFile; fileRef = 5D329CF220FD15A300C180C9 /* Assets.xcassets */; };
		5D329CF620FD15A300C180C9 /* LaunchScreen.storyboard in Resources */ = {isa = PBXBuildFile; fileRef = 5D329CF420FD15A300C180C9 /* LaunchScreen.storyboard */; };
		5D329CF920FD15A300C180C9 /* main.m in Sources */ = {isa = PBXBuildFile; fileRef = 5D329CF820FD15A300C180C9 /* main.m */; };
		5D329D0320FD15A300C180C9 /* rakTests.m in Sources */ = {isa = PBXBuildFile; fileRef = 5D329D0220FD15A300C180C9 /* rakTests.m */; };
		5D329D0E20FD15A300C180C9 /* rakUITests.m in Sources */ = {isa = PBXBuildFile; fileRef = 5D329D0D20FD15A300C180C9 /* rakUITests.m */; };
		5D329D1E20FD15F300C180C9 /* Category.storyboard in Resources */ = {isa = PBXBuildFile; fileRef = 5D329D1D20FD15F300C180C9 /* Category.storyboard */; };
		5D329D2020FD15FE00C180C9 /* Home.storyboard in Resources */ = {isa = PBXBuildFile; fileRef = 5D329D1F20FD15FE00C180C9 /* Home.storyboard */; };
		5D329D2220FD160C00C180C9 /* Profile.storyboard in Resources */ = {isa = PBXBuildFile; fileRef = 5D329D2120FD160C00C180C9 /* Profile.storyboard */; };
		5D329D2920FD169800C180C9 /* HomeViewController.m in Sources */ = {isa = PBXBuildFile; fileRef = 5D329D2820FD169800C180C9 /* HomeViewController.m */; };
		5D329D2D20FD16C500C180C9 /* ProfileViewController.m in Sources */ = {isa = PBXBuildFile; fileRef = 5D329D2C20FD16C500C180C9 /* ProfileViewController.m */; };
		5D329D3020FD16DD00C180C9 /* DetailViewController.m in Sources */ = {isa = PBXBuildFile; fileRef = 5D329D2F20FD16DD00C180C9 /* DetailViewController.m */; };
		5D329D3320FD170500C180C9 /* CategoriesViewController.m in Sources */ = {isa = PBXBuildFile; fileRef = 5D329D3220FD170500C180C9 /* CategoriesViewController.m */; };
		5D329D3620FD172000C180C9 /* ActCategoryViewController.m in Sources */ = {isa = PBXBuildFile; fileRef = 5D329D3520FD172000C180C9 /* ActCategoryViewController.m */; };
		5D329D3920FD184900C180C9 /* LoginViewController.m in Sources */ = {isa = PBXBuildFile; fileRef = 5D329D3820FD184900C180C9 /* LoginViewController.m */; };
		5D329D3F20FD1AA900C180C9 /* Act.m in Sources */ = {isa = PBXBuildFile; fileRef = 5D329D3E20FD1AA900C180C9 /* Act.m */; };
		5D329D4220FD1C9C00C180C9 /* CustomUser.m in Sources */ = {isa = PBXBuildFile; fileRef = 5D329D4120FD1C9C00C180C9 /* CustomUser.m */; };
		5D329D4520FD1F4200C180C9 /* Badge.m in Sources */ = {isa = PBXBuildFile; fileRef = 5D329D4420FD1F4200C180C9 /* Badge.m */; };
		5D329D4720FD208200C180C9 /* ActDetail.storyboard in Resources */ = {isa = PBXBuildFile; fileRef = 5D329D4620FD208200C180C9 /* ActDetail.storyboard */; };
		5D329D5020FD436C00C180C9 /* InitializeDB.m in Sources */ = {isa = PBXBuildFile; fileRef = 5D329D4F20FD436C00C180C9 /* InitializeDB.m */; };
		5D329D5320FD4BB800C180C9 /* ProfileHeader.m in Sources */ = {isa = PBXBuildFile; fileRef = 5D329D5220FD4BB800C180C9 /* ProfileHeader.m */; };
		5D329D5620FD4CBA00C180C9 /* BadgeCell.m in Sources */ = {isa = PBXBuildFile; fileRef = 5D329D5520FD4CBA00C180C9 /* BadgeCell.m */; };
		5DB1009120FE64A70085C785 /* PointToLevelConverter.m in Sources */ = {isa = PBXBuildFile; fileRef = 5DB1009020FE64A70085C785 /* PointToLevelConverter.m */; };
		5DB1009720FE725D0085C785 /* ActCategory.m in Sources */ = {isa = PBXBuildFile; fileRef = 5DB1009620FE725D0085C785 /* ActCategory.m */; };
		5DB1009A20FEB7CE0085C785 /* ImageToFileConversion.m in Sources */ = {isa = PBXBuildFile; fileRef = 5DB1009920FEB7CE0085C785 /* ImageToFileConversion.m */; };
		5DB100A020FEE5FF0085C785 /* DetailViewTableViewCell.m in Sources */ = {isa = PBXBuildFile; fileRef = 5DB1009F20FEE5FF0085C785 /* DetailViewTableViewCell.m */; };
		5DB64CBD21065055002AE20E /* PopupViewXIB.xib in Resources */ = {isa = PBXBuildFile; fileRef = 5DB64CBC21065055002AE20E /* PopupViewXIB.xib */; };
		5DB64CC321066545002AE20E /* PopupViewController.m in Sources */ = {isa = PBXBuildFile; fileRef = 5DB64CC221066545002AE20E /* PopupViewController.m */; };
		5DB64CC621066658002AE20E /* PopupView.m in Sources */ = {isa = PBXBuildFile; fileRef = 5DB64CC521066658002AE20E /* PopupView.m */; };
		8C1A5F2E1E6BC31C46ECD42B /* libPods-rakUITests.a in Frameworks */ = {isa = PBXBuildFile; fileRef = 30BBCAE358F1561EE6BE6516 /* libPods-rakUITests.a */; };
		FBFA6E4C50DF6C67769C0BAA /* libPods-rakTests.a in Frameworks */ = {isa = PBXBuildFile; fileRef = 317354D07177A40A39F507D7 /* libPods-rakTests.a */; };
/* End PBXBuildFile section */

/* Begin PBXContainerItemProxy section */
		5D329CFF20FD15A300C180C9 /* PBXContainerItemProxy */ = {
			isa = PBXContainerItemProxy;
			containerPortal = 5D329CDE20FD15A200C180C9 /* Project object */;
			proxyType = 1;
			remoteGlobalIDString = 5D329CE520FD15A200C180C9;
			remoteInfo = rak;
		};
		5D329D0A20FD15A300C180C9 /* PBXContainerItemProxy */ = {
			isa = PBXContainerItemProxy;
			containerPortal = 5D329CDE20FD15A200C180C9 /* Project object */;
			proxyType = 1;
			remoteGlobalIDString = 5D329CE520FD15A200C180C9;
			remoteInfo = rak;
		};
/* End PBXContainerItemProxy section */

/* Begin PBXFileReference section */
		2C23A5CE2106A61C00BD228A /* DescriptionViewController.h */ = {isa = PBXFileReference; lastKnownFileType = sourcecode.c.h; path = DescriptionViewController.h; sourceTree = "<group>"; };
		2C23A5CF2106A61C00BD228A /* DescriptionViewController.m */ = {isa = PBXFileReference; lastKnownFileType = sourcecode.c.objc; path = DescriptionViewController.m; sourceTree = "<group>"; };
		2C23A5D12107E0D100BD228A /* PhotoAnnotation.h */ = {isa = PBXFileReference; lastKnownFileType = sourcecode.c.h; path = PhotoAnnotation.h; sourceTree = "<group>"; };
		2C23A5D22107E0D100BD228A /* PhotoAnnotation.m */ = {isa = PBXFileReference; lastKnownFileType = sourcecode.c.objc; path = PhotoAnnotation.m; sourceTree = "<group>"; };
		2C5C3B8920FD4110004568EF /* CategoriesCell.h */ = {isa = PBXFileReference; lastKnownFileType = sourcecode.c.h; path = CategoriesCell.h; sourceTree = "<group>"; };
		2C5C3B8A20FD4110004568EF /* CategoriesCell.m */ = {isa = PBXFileReference; lastKnownFileType = sourcecode.c.objc; path = CategoriesCell.m; sourceTree = "<group>"; };
		2C5C3B8C20FE672F004568EF /* ActsCell.h */ = {isa = PBXFileReference; lastKnownFileType = sourcecode.c.h; path = ActsCell.h; sourceTree = "<group>"; };
		2C5C3B8D20FE672F004568EF /* ActsCell.m */ = {isa = PBXFileReference; lastKnownFileType = sourcecode.c.objc; path = ActsCell.m; sourceTree = "<group>"; };
		2C5C3B8F20FFB902004568EF /* SearchCell.h */ = {isa = PBXFileReference; lastKnownFileType = sourcecode.c.h; path = SearchCell.h; sourceTree = "<group>"; };
		2C5C3B9020FFB902004568EF /* SearchCell.m */ = {isa = PBXFileReference; lastKnownFileType = sourcecode.c.objc; path = SearchCell.m; sourceTree = "<group>"; };
		2C5C3B9821010DAA004568EF /* PhotoMapViewController.h */ = {isa = PBXFileReference; lastKnownFileType = sourcecode.c.h; path = PhotoMapViewController.h; sourceTree = "<group>"; };
		2C5C3B9921010DAA004568EF /* PhotoMapViewController.m */ = {isa = PBXFileReference; lastKnownFileType = sourcecode.c.objc; path = PhotoMapViewController.m; sourceTree = "<group>"; };
		2C5C3B9B21010E4C004568EF /* MapKit.framework */ = {isa = PBXFileReference; lastKnownFileType = wrapper.framework; name = MapKit.framework; path = System/Library/Frameworks/MapKit.framework; sourceTree = SDKROOT; };
		2C5C3B9D2101105C004568EF /* LocationsViewController.h */ = {isa = PBXFileReference; lastKnownFileType = sourcecode.c.h; path = LocationsViewController.h; sourceTree = "<group>"; };
		2C5C3B9E2101105C004568EF /* LocationsViewController.m */ = {isa = PBXFileReference; lastKnownFileType = sourcecode.c.objc; path = LocationsViewController.m; sourceTree = "<group>"; };
		2C5C3BA3210112AB004568EF /* LocationCell.h */ = {isa = PBXFileReference; lastKnownFileType = sourcecode.c.h; path = LocationCell.h; sourceTree = "<group>"; };
		2C5C3BA4210112AB004568EF /* LocationCell.m */ = {isa = PBXFileReference; lastKnownFileType = sourcecode.c.objc; path = LocationCell.m; sourceTree = "<group>"; };
		2CBE62A821091404000A4592 /* FullDescriptionViewController.h */ = {isa = PBXFileReference; lastKnownFileType = sourcecode.c.h; path = FullDescriptionViewController.h; sourceTree = "<group>"; };
		2CBE62A921091404000A4592 /* FullDescriptionViewController.m */ = {isa = PBXFileReference; lastKnownFileType = sourcecode.c.objc; path = FullDescriptionViewController.m; sourceTree = "<group>"; };
		2CE1BB7F210958C800F2ACA4 /* iCarousel.m */ = {isa = PBXFileReference; fileEncoding = 4; lastKnownFileType = sourcecode.c.objc; name = iCarousel.m; path = ../../../../iCarousel/iCarousel/iCarousel.m; sourceTree = "<group>"; };
		2CE1BB80210958C800F2ACA4 /* iCarousel.h */ = {isa = PBXFileReference; fileEncoding = 4; lastKnownFileType = sourcecode.c.h; name = iCarousel.h; path = ../../../../iCarousel/iCarousel/iCarousel.h; sourceTree = "<group>"; };
		2CE1BB822109599B00F2ACA4 /* QuartzCore.framework */ = {isa = PBXFileReference; lastKnownFileType = wrapper.framework; name = QuartzCore.framework; path = System/Library/Frameworks/QuartzCore.framework; sourceTree = SDKROOT; };
		2ECDF13E0D63C064B2817FBB /* libPods-rak.a */ = {isa = PBXFileReference; explicitFileType = archive.ar; includeInIndex = 0; path = "libPods-rak.a"; sourceTree = BUILT_PRODUCTS_DIR; };
		30BBCAE358F1561EE6BE6516 /* libPods-rakUITests.a */ = {isa = PBXFileReference; explicitFileType = archive.ar; includeInIndex = 0; path = "libPods-rakUITests.a"; sourceTree = BUILT_PRODUCTS_DIR; };
		317354D07177A40A39F507D7 /* libPods-rakTests.a */ = {isa = PBXFileReference; explicitFileType = archive.ar; includeInIndex = 0; path = "libPods-rakTests.a"; sourceTree = BUILT_PRODUCTS_DIR; };
		4B9A6A7785C92F60E4FC7424 /* Pods-rak.debug.xcconfig */ = {isa = PBXFileReference; includeInIndex = 1; lastKnownFileType = text.xcconfig; name = "Pods-rak.debug.xcconfig"; path = "Pods/Target Support Files/Pods-rak/Pods-rak.debug.xcconfig"; sourceTree = "<group>"; };
		4CEB9DAA8DEDF6E751A58229 /* Pods-rakTests.debug.xcconfig */ = {isa = PBXFileReference; includeInIndex = 1; lastKnownFileType = text.xcconfig; name = "Pods-rakTests.debug.xcconfig"; path = "Pods/Target Support Files/Pods-rakTests/Pods-rakTests.debug.xcconfig"; sourceTree = "<group>"; };
		54516844210018CC00D45FE3 /* TimelineViewController.h */ = {isa = PBXFileReference; lastKnownFileType = sourcecode.c.h; path = TimelineViewController.h; sourceTree = "<group>"; };
		54516845210018CC00D45FE3 /* TimelineViewController.m */ = {isa = PBXFileReference; lastKnownFileType = sourcecode.c.objc; path = TimelineViewController.m; sourceTree = "<group>"; };
		5451684721010DD200D45FE3 /* TimelineTableViewCell.h */ = {isa = PBXFileReference; lastKnownFileType = sourcecode.c.h; path = TimelineTableViewCell.h; sourceTree = "<group>"; };
		5451684821010DD200D45FE3 /* TimelineTableViewCell.m */ = {isa = PBXFileReference; lastKnownFileType = sourcecode.c.objc; path = TimelineTableViewCell.m; sourceTree = "<group>"; };
		5451684D2101506000D45FE3 /* ComposingViewController.h */ = {isa = PBXFileReference; lastKnownFileType = sourcecode.c.h; path = ComposingViewController.h; sourceTree = "<group>"; };
		5451684E2101506000D45FE3 /* ComposingViewController.m */ = {isa = PBXFileReference; lastKnownFileType = sourcecode.c.objc; path = ComposingViewController.m; sourceTree = "<group>"; };
		548438A320FFAD8B00592EB1 /* Search.storyboard */ = {isa = PBXFileReference; lastKnownFileType = file.storyboard; path = Search.storyboard; sourceTree = "<group>"; };
		548438A520FFB65700592EB1 /* SearchViewController.h */ = {isa = PBXFileReference; lastKnownFileType = sourcecode.c.h; path = SearchViewController.h; sourceTree = "<group>"; };
		548438A620FFB65700592EB1 /* SearchViewController.m */ = {isa = PBXFileReference; lastKnownFileType = sourcecode.c.objc; path = SearchViewController.m; sourceTree = "<group>"; };
		548438A820FFEB4900592EB1 /* UserNotifications.framework */ = {isa = PBXFileReference; lastKnownFileType = wrapper.framework; name = UserNotifications.framework; path = System/Library/Frameworks/UserNotifications.framework; sourceTree = SDKROOT; };
		548438AA20FFF7F900592EB1 /* Timeline.storyboard */ = {isa = PBXFileReference; lastKnownFileType = file.storyboard; path = Timeline.storyboard; sourceTree = "<group>"; };
		548438AC20FFF8EB00592EB1 /* Map.storyboard */ = {isa = PBXFileReference; lastKnownFileType = file.storyboard; path = Map.storyboard; sourceTree = "<group>"; };
		548B222B20FD508200D667F7 /* ActsTableViewCell.h */ = {isa = PBXFileReference; lastKnownFileType = sourcecode.c.h; path = ActsTableViewCell.h; sourceTree = "<group>"; };
		548B222C20FD508200D667F7 /* ActsTableViewCell.m */ = {isa = PBXFileReference; lastKnownFileType = sourcecode.c.objc; path = ActsTableViewCell.m; sourceTree = "<group>"; };
		54BE1DA421069D8200DA4A25 /* APIManager.h */ = {isa = PBXFileReference; lastKnownFileType = sourcecode.c.h; path = APIManager.h; sourceTree = "<group>"; };
		54BE1DA521069D8200DA4A25 /* APIManager.m */ = {isa = PBXFileReference; lastKnownFileType = sourcecode.c.objc; path = APIManager.m; sourceTree = "<group>"; };
		54BE1DAB2106A01000DA4A25 /* Tweet.h */ = {isa = PBXFileReference; lastKnownFileType = sourcecode.c.h; path = Tweet.h; sourceTree = "<group>"; };
		54BE1DAC2106A01000DA4A25 /* Tweet.m */ = {isa = PBXFileReference; lastKnownFileType = sourcecode.c.objc; path = Tweet.m; sourceTree = "<group>"; };
		5D190FBB20FFEEA4002A469B /* DetailHeaderView.h */ = {isa = PBXFileReference; lastKnownFileType = sourcecode.c.h; path = DetailHeaderView.h; sourceTree = "<group>"; };
		5D190FBC20FFEEA4002A469B /* DetailHeaderView.m */ = {isa = PBXFileReference; lastKnownFileType = sourcecode.c.objc; path = DetailHeaderView.m; sourceTree = "<group>"; };
		5D190FBE210001CA002A469B /* DateFunctions.h */ = {isa = PBXFileReference; lastKnownFileType = sourcecode.c.h; path = DateFunctions.h; sourceTree = "<group>"; };
		5D190FBF210001CA002A469B /* DateFunctions.m */ = {isa = PBXFileReference; lastKnownFileType = sourcecode.c.objc; path = DateFunctions.m; sourceTree = "<group>"; };
		5D190FC121000EB3002A469B /* Post.h */ = {isa = PBXFileReference; lastKnownFileType = sourcecode.c.h; path = Post.h; sourceTree = "<group>"; };
		5D190FC221000EB3002A469B /* Post.m */ = {isa = PBXFileReference; lastKnownFileType = sourcecode.c.objc; path = Post.m; sourceTree = "<group>"; };
		5D1E72E42107BBFE00C0FA8E /* MessageView.h */ = {isa = PBXFileReference; lastKnownFileType = sourcecode.c.h; path = MessageView.h; sourceTree = "<group>"; };
		5D1E72E52107BBFE00C0FA8E /* MessageView.m */ = {isa = PBXFileReference; lastKnownFileType = sourcecode.c.objc; path = MessageView.m; sourceTree = "<group>"; };
		5D1E72E72107E7BE00C0FA8E /* PopoverViewController.h */ = {isa = PBXFileReference; lastKnownFileType = sourcecode.c.h; path = PopoverViewController.h; sourceTree = "<group>"; };
		5D1E72E82107E7BE00C0FA8E /* PopoverViewController.m */ = {isa = PBXFileReference; lastKnownFileType = sourcecode.c.objc; path = PopoverViewController.m; sourceTree = "<group>"; };
		5D1E72EA2109406300C0FA8E /* AppDelegate.m */ = {isa = PBXFileReference; fileEncoding = 4; lastKnownFileType = sourcecode.c.objc; path = AppDelegate.m; sourceTree = "<group>"; };
		5D1E72EB2109406300C0FA8E /* AppDelegate.h */ = {isa = PBXFileReference; fileEncoding = 4; lastKnownFileType = sourcecode.c.h; path = AppDelegate.h; sourceTree = "<group>"; };
		5D329CE620FD15A200C180C9 /* rak.app */ = {isa = PBXFileReference; explicitFileType = wrapper.application; includeInIndex = 0; path = rak.app; sourceTree = BUILT_PRODUCTS_DIR; };
		5D329CF020FD15A200C180C9 /* Base */ = {isa = PBXFileReference; lastKnownFileType = file.storyboard; name = Base; path = Base.lproj/Main.storyboard; sourceTree = "<group>"; };
		5D329CF220FD15A300C180C9 /* Assets.xcassets */ = {isa = PBXFileReference; lastKnownFileType = folder.assetcatalog; path = Assets.xcassets; sourceTree = "<group>"; };
		5D329CF520FD15A300C180C9 /* Base */ = {isa = PBXFileReference; lastKnownFileType = file.storyboard; name = Base; path = Base.lproj/LaunchScreen.storyboard; sourceTree = "<group>"; };
		5D329CF720FD15A300C180C9 /* Info.plist */ = {isa = PBXFileReference; lastKnownFileType = text.plist.xml; path = Info.plist; sourceTree = "<group>"; };
		5D329CF820FD15A300C180C9 /* main.m */ = {isa = PBXFileReference; lastKnownFileType = sourcecode.c.objc; path = main.m; sourceTree = "<group>"; };
		5D329CFE20FD15A300C180C9 /* rakTests.xctest */ = {isa = PBXFileReference; explicitFileType = wrapper.cfbundle; includeInIndex = 0; path = rakTests.xctest; sourceTree = BUILT_PRODUCTS_DIR; };
		5D329D0220FD15A300C180C9 /* rakTests.m */ = {isa = PBXFileReference; lastKnownFileType = sourcecode.c.objc; path = rakTests.m; sourceTree = "<group>"; };
		5D329D0420FD15A300C180C9 /* Info.plist */ = {isa = PBXFileReference; lastKnownFileType = text.plist.xml; path = Info.plist; sourceTree = "<group>"; };
		5D329D0920FD15A300C180C9 /* rakUITests.xctest */ = {isa = PBXFileReference; explicitFileType = wrapper.cfbundle; includeInIndex = 0; path = rakUITests.xctest; sourceTree = BUILT_PRODUCTS_DIR; };
		5D329D0D20FD15A300C180C9 /* rakUITests.m */ = {isa = PBXFileReference; lastKnownFileType = sourcecode.c.objc; path = rakUITests.m; sourceTree = "<group>"; };
		5D329D0F20FD15A300C180C9 /* Info.plist */ = {isa = PBXFileReference; lastKnownFileType = text.plist.xml; path = Info.plist; sourceTree = "<group>"; };
		5D329D1D20FD15F300C180C9 /* Category.storyboard */ = {isa = PBXFileReference; lastKnownFileType = file.storyboard; path = Category.storyboard; sourceTree = "<group>"; };
		5D329D1F20FD15FE00C180C9 /* Home.storyboard */ = {isa = PBXFileReference; lastKnownFileType = file.storyboard; path = Home.storyboard; sourceTree = "<group>"; };
		5D329D2120FD160C00C180C9 /* Profile.storyboard */ = {isa = PBXFileReference; lastKnownFileType = file.storyboard; path = Profile.storyboard; sourceTree = "<group>"; };
		5D329D2720FD169800C180C9 /* HomeViewController.h */ = {isa = PBXFileReference; lastKnownFileType = sourcecode.c.h; path = HomeViewController.h; sourceTree = "<group>"; };
		5D329D2820FD169800C180C9 /* HomeViewController.m */ = {isa = PBXFileReference; lastKnownFileType = sourcecode.c.objc; path = HomeViewController.m; sourceTree = "<group>"; };
		5D329D2B20FD16C500C180C9 /* ProfileViewController.h */ = {isa = PBXFileReference; lastKnownFileType = sourcecode.c.h; path = ProfileViewController.h; sourceTree = "<group>"; };
		5D329D2C20FD16C500C180C9 /* ProfileViewController.m */ = {isa = PBXFileReference; lastKnownFileType = sourcecode.c.objc; path = ProfileViewController.m; sourceTree = "<group>"; };
		5D329D2E20FD16DD00C180C9 /* DetailViewController.h */ = {isa = PBXFileReference; lastKnownFileType = sourcecode.c.h; path = DetailViewController.h; sourceTree = "<group>"; };
		5D329D2F20FD16DD00C180C9 /* DetailViewController.m */ = {isa = PBXFileReference; lastKnownFileType = sourcecode.c.objc; path = DetailViewController.m; sourceTree = "<group>"; };
		5D329D3120FD170500C180C9 /* CategoriesViewController.h */ = {isa = PBXFileReference; lastKnownFileType = sourcecode.c.h; path = CategoriesViewController.h; sourceTree = "<group>"; };
		5D329D3220FD170500C180C9 /* CategoriesViewController.m */ = {isa = PBXFileReference; lastKnownFileType = sourcecode.c.objc; path = CategoriesViewController.m; sourceTree = "<group>"; };
		5D329D3420FD172000C180C9 /* ActCategoryViewController.h */ = {isa = PBXFileReference; lastKnownFileType = sourcecode.c.h; path = ActCategoryViewController.h; sourceTree = "<group>"; };
		5D329D3520FD172000C180C9 /* ActCategoryViewController.m */ = {isa = PBXFileReference; lastKnownFileType = sourcecode.c.objc; path = ActCategoryViewController.m; sourceTree = "<group>"; };
		5D329D3720FD184900C180C9 /* LoginViewController.h */ = {isa = PBXFileReference; lastKnownFileType = sourcecode.c.h; path = LoginViewController.h; sourceTree = "<group>"; };
		5D329D3820FD184900C180C9 /* LoginViewController.m */ = {isa = PBXFileReference; lastKnownFileType = sourcecode.c.objc; path = LoginViewController.m; sourceTree = "<group>"; };
		5D329D3D20FD1AA900C180C9 /* Act.h */ = {isa = PBXFileReference; lastKnownFileType = sourcecode.c.h; path = Act.h; sourceTree = "<group>"; };
		5D329D3E20FD1AA900C180C9 /* Act.m */ = {isa = PBXFileReference; lastKnownFileType = sourcecode.c.objc; path = Act.m; sourceTree = "<group>"; };
		5D329D4020FD1C9C00C180C9 /* CustomUser.h */ = {isa = PBXFileReference; lastKnownFileType = sourcecode.c.h; path = CustomUser.h; sourceTree = "<group>"; };
		5D329D4120FD1C9C00C180C9 /* CustomUser.m */ = {isa = PBXFileReference; lastKnownFileType = sourcecode.c.objc; path = CustomUser.m; sourceTree = "<group>"; };
		5D329D4320FD1F4200C180C9 /* Badge.h */ = {isa = PBXFileReference; lastKnownFileType = sourcecode.c.h; path = Badge.h; sourceTree = "<group>"; };
		5D329D4420FD1F4200C180C9 /* Badge.m */ = {isa = PBXFileReference; lastKnownFileType = sourcecode.c.objc; path = Badge.m; sourceTree = "<group>"; };
		5D329D4620FD208200C180C9 /* ActDetail.storyboard */ = {isa = PBXFileReference; lastKnownFileType = file.storyboard; path = ActDetail.storyboard; sourceTree = "<group>"; };
		5D329D4E20FD436C00C180C9 /* InitializeDB.h */ = {isa = PBXFileReference; lastKnownFileType = sourcecode.c.h; path = InitializeDB.h; sourceTree = "<group>"; };
		5D329D4F20FD436C00C180C9 /* InitializeDB.m */ = {isa = PBXFileReference; lastKnownFileType = sourcecode.c.objc; path = InitializeDB.m; sourceTree = "<group>"; };
		5D329D5120FD4BB800C180C9 /* ProfileHeader.h */ = {isa = PBXFileReference; lastKnownFileType = sourcecode.c.h; path = ProfileHeader.h; sourceTree = "<group>"; };
		5D329D5220FD4BB800C180C9 /* ProfileHeader.m */ = {isa = PBXFileReference; lastKnownFileType = sourcecode.c.objc; path = ProfileHeader.m; sourceTree = "<group>"; };
		5D329D5420FD4CBA00C180C9 /* BadgeCell.h */ = {isa = PBXFileReference; lastKnownFileType = sourcecode.c.h; path = BadgeCell.h; sourceTree = "<group>"; };
		5D329D5520FD4CBA00C180C9 /* BadgeCell.m */ = {isa = PBXFileReference; lastKnownFileType = sourcecode.c.objc; path = BadgeCell.m; sourceTree = "<group>"; };
		5DB1008F20FE64A70085C785 /* PointToLevelConverter.h */ = {isa = PBXFileReference; lastKnownFileType = sourcecode.c.h; path = PointToLevelConverter.h; sourceTree = "<group>"; };
		5DB1009020FE64A70085C785 /* PointToLevelConverter.m */ = {isa = PBXFileReference; lastKnownFileType = sourcecode.c.objc; path = PointToLevelConverter.m; sourceTree = "<group>"; };
		5DB1009520FE725D0085C785 /* ActCategory.h */ = {isa = PBXFileReference; lastKnownFileType = sourcecode.c.h; path = ActCategory.h; sourceTree = "<group>"; };
		5DB1009620FE725D0085C785 /* ActCategory.m */ = {isa = PBXFileReference; lastKnownFileType = sourcecode.c.objc; path = ActCategory.m; sourceTree = "<group>"; };
		5DB1009820FEB7CE0085C785 /* ImageToFileConversion.h */ = {isa = PBXFileReference; lastKnownFileType = sourcecode.c.h; path = ImageToFileConversion.h; sourceTree = "<group>"; };
		5DB1009920FEB7CE0085C785 /* ImageToFileConversion.m */ = {isa = PBXFileReference; lastKnownFileType = sourcecode.c.objc; path = ImageToFileConversion.m; sourceTree = "<group>"; };
		5DB1009E20FEE5FF0085C785 /* DetailViewTableViewCell.h */ = {isa = PBXFileReference; lastKnownFileType = sourcecode.c.h; path = DetailViewTableViewCell.h; sourceTree = "<group>"; };
		5DB1009F20FEE5FF0085C785 /* DetailViewTableViewCell.m */ = {isa = PBXFileReference; lastKnownFileType = sourcecode.c.objc; path = DetailViewTableViewCell.m; sourceTree = "<group>"; };
		5DB64CBC21065055002AE20E /* PopupViewXIB.xib */ = {isa = PBXFileReference; lastKnownFileType = file.xib; path = PopupViewXIB.xib; sourceTree = "<group>"; };
		5DB64CC121066545002AE20E /* PopupViewController.h */ = {isa = PBXFileReference; lastKnownFileType = sourcecode.c.h; path = PopupViewController.h; sourceTree = "<group>"; };
		5DB64CC221066545002AE20E /* PopupViewController.m */ = {isa = PBXFileReference; lastKnownFileType = sourcecode.c.objc; path = PopupViewController.m; sourceTree = "<group>"; };
		5DB64CC421066658002AE20E /* PopupView.h */ = {isa = PBXFileReference; lastKnownFileType = sourcecode.c.h; path = PopupView.h; sourceTree = "<group>"; };
		5DB64CC521066658002AE20E /* PopupView.m */ = {isa = PBXFileReference; lastKnownFileType = sourcecode.c.objc; path = PopupView.m; sourceTree = "<group>"; };
		619B39390757B38624E8FACC /* Pods-rakUITests.release.xcconfig */ = {isa = PBXFileReference; includeInIndex = 1; lastKnownFileType = text.xcconfig; name = "Pods-rakUITests.release.xcconfig"; path = "Pods/Target Support Files/Pods-rakUITests/Pods-rakUITests.release.xcconfig"; sourceTree = "<group>"; };
		7BAF82B4EFD8956D071E8D9F /* Pods-rak.release.xcconfig */ = {isa = PBXFileReference; includeInIndex = 1; lastKnownFileType = text.xcconfig; name = "Pods-rak.release.xcconfig"; path = "Pods/Target Support Files/Pods-rak/Pods-rak.release.xcconfig"; sourceTree = "<group>"; };
		9F3DB2BA3A4F1BCE6D085B20 /* Pods-rakTests.release.xcconfig */ = {isa = PBXFileReference; includeInIndex = 1; lastKnownFileType = text.xcconfig; name = "Pods-rakTests.release.xcconfig"; path = "Pods/Target Support Files/Pods-rakTests/Pods-rakTests.release.xcconfig"; sourceTree = "<group>"; };
		A288DE4640DD2FDB9AFB2CD5 /* Pods-rakUITests.debug.xcconfig */ = {isa = PBXFileReference; includeInIndex = 1; lastKnownFileType = text.xcconfig; name = "Pods-rakUITests.debug.xcconfig"; path = "Pods/Target Support Files/Pods-rakUITests/Pods-rakUITests.debug.xcconfig"; sourceTree = "<group>"; };
/* End PBXFileReference section */

/* Begin PBXFrameworksBuildPhase section */
		5D329CE320FD15A200C180C9 /* Frameworks */ = {
			isa = PBXFrameworksBuildPhase;
			buildActionMask = 2147483647;
			files = (
				2CE1BB832109599B00F2ACA4 /* QuartzCore.framework in Frameworks */,
				2C5C3B9C21010E4C004568EF /* MapKit.framework in Frameworks */,
				548438A920FFEB4900592EB1 /* UserNotifications.framework in Frameworks */,
				48C64369F47B34DDACE94B5B /* libPods-rak.a in Frameworks */,
			);
			runOnlyForDeploymentPostprocessing = 0;
		};
		5D329CFB20FD15A300C180C9 /* Frameworks */ = {
			isa = PBXFrameworksBuildPhase;
			buildActionMask = 2147483647;
			files = (
				FBFA6E4C50DF6C67769C0BAA /* libPods-rakTests.a in Frameworks */,
			);
			runOnlyForDeploymentPostprocessing = 0;
		};
		5D329D0620FD15A300C180C9 /* Frameworks */ = {
			isa = PBXFrameworksBuildPhase;
			buildActionMask = 2147483647;
			files = (
				8C1A5F2E1E6BC31C46ECD42B /* libPods-rakUITests.a in Frameworks */,
			);
			runOnlyForDeploymentPostprocessing = 0;
		};
/* End PBXFrameworksBuildPhase section */

/* Begin PBXGroup section */
		2C5C3B8520FD3F98004568EF /* Cells */ = {
			isa = PBXGroup;
			children = (
				2CE1BB80210958C800F2ACA4 /* iCarousel.h */,
				2CE1BB7F210958C800F2ACA4 /* iCarousel.m */,
				2C5C3B8C20FE672F004568EF /* ActsCell.h */,
				2C5C3B8D20FE672F004568EF /* ActsCell.m */,
				2C5C3B8920FD4110004568EF /* CategoriesCell.h */,
				2C5C3B8A20FD4110004568EF /* CategoriesCell.m */,
				548B222B20FD508200D667F7 /* ActsTableViewCell.h */,
				548B222C20FD508200D667F7 /* ActsTableViewCell.m */,
				5D329D5420FD4CBA00C180C9 /* BadgeCell.h */,
				5D329D5520FD4CBA00C180C9 /* BadgeCell.m */,
				5DB1009E20FEE5FF0085C785 /* DetailViewTableViewCell.h */,
				5DB1009F20FEE5FF0085C785 /* DetailViewTableViewCell.m */,
				2C5C3B8F20FFB902004568EF /* SearchCell.h */,
				2C5C3B9020FFB902004568EF /* SearchCell.m */,
				5451684721010DD200D45FE3 /* TimelineTableViewCell.h */,
				5451684821010DD200D45FE3 /* TimelineTableViewCell.m */,
				2C5C3BA3210112AB004568EF /* LocationCell.h */,
				2C5C3BA4210112AB004568EF /* LocationCell.m */,
				2C23A5D12107E0D100BD228A /* PhotoAnnotation.h */,
				2C23A5D22107E0D100BD228A /* PhotoAnnotation.m */,
			);
			path = Cells;
			sourceTree = "<group>";
		};
		54BE1DB12106A61200DA4A25 /* Twitter */ = {
			isa = PBXGroup;
			children = (
				54BE1DA421069D8200DA4A25 /* APIManager.h */,
				54BE1DA521069D8200DA4A25 /* APIManager.m */,
			);
			path = Twitter;
			sourceTree = "<group>";
		};
		5D329CDD20FD15A200C180C9 = {
			isa = PBXGroup;
			children = (
				5D329CE820FD15A200C180C9 /* rak */,
				5D329D0120FD15A300C180C9 /* rakTests */,
				5D329D0C20FD15A300C180C9 /* rakUITests */,
				5D329CE720FD15A200C180C9 /* Products */,
				8349B1D073D44B5E2253CBC7 /* Pods */,
				EA718A4FA4E3D76E6A42E741 /* Frameworks */,
			);
			sourceTree = "<group>";
		};
		5D329CE720FD15A200C180C9 /* Products */ = {
			isa = PBXGroup;
			children = (
				5D329CE620FD15A200C180C9 /* rak.app */,
				5D329CFE20FD15A300C180C9 /* rakTests.xctest */,
				5D329D0920FD15A300C180C9 /* rakUITests.xctest */,
			);
			name = Products;
			sourceTree = "<group>";
		};
		5D329CE820FD15A200C180C9 /* rak */ = {
			isa = PBXGroup;
			children = (
				5D329D2520FD163C00C180C9 /* Models */,
				5DB64CBB21064AF8002AE20E /* Views */,
				2C5C3B8520FD3F98004568EF /* Cells */,
				5D329D2420FD163000C180C9 /* View Controllers */,
				54BE1DB12106A61200DA4A25 /* Twitter */,
				5D329D2320FD161300C180C9 /* Storyboards */,
				5D329CF220FD15A300C180C9 /* Assets.xcassets */,
				5D329CF720FD15A300C180C9 /* Info.plist */,
				5D329CF820FD15A300C180C9 /* main.m */,
			);
			path = rak;
			sourceTree = "<group>";
		};
		5D329D0120FD15A300C180C9 /* rakTests */ = {
			isa = PBXGroup;
			children = (
				5D329D0220FD15A300C180C9 /* rakTests.m */,
				5D329D0420FD15A300C180C9 /* Info.plist */,
			);
			path = rakTests;
			sourceTree = "<group>";
		};
		5D329D0C20FD15A300C180C9 /* rakUITests */ = {
			isa = PBXGroup;
			children = (
				5D329D0D20FD15A300C180C9 /* rakUITests.m */,
				5D329D0F20FD15A300C180C9 /* Info.plist */,
			);
			path = rakUITests;
			sourceTree = "<group>";
		};
		5D329D2320FD161300C180C9 /* Storyboards */ = {
			isa = PBXGroup;
			children = (
				5D329CF420FD15A300C180C9 /* LaunchScreen.storyboard */,
				5D329CEF20FD15A200C180C9 /* Main.storyboard */,
				5D329D1F20FD15FE00C180C9 /* Home.storyboard */,
				5D329D1D20FD15F300C180C9 /* Category.storyboard */,
				5D329D2120FD160C00C180C9 /* Profile.storyboard */,
				5D329D4620FD208200C180C9 /* ActDetail.storyboard */,
				548438A320FFAD8B00592EB1 /* Search.storyboard */,
				548438AA20FFF7F900592EB1 /* Timeline.storyboard */,
				548438AC20FFF8EB00592EB1 /* Map.storyboard */,
			);
			path = Storyboards;
			sourceTree = "<group>";
		};
		5D329D2420FD163000C180C9 /* View Controllers */ = {
			isa = PBXGroup;
			children = (
				5D329D2720FD169800C180C9 /* HomeViewController.h */,
				5D329D2820FD169800C180C9 /* HomeViewController.m */,
				54516844210018CC00D45FE3 /* TimelineViewController.h */,
				54516845210018CC00D45FE3 /* TimelineViewController.m */,
				5451684D2101506000D45FE3 /* ComposingViewController.h */,
				5451684E2101506000D45FE3 /* ComposingViewController.m */,
				5D329D2B20FD16C500C180C9 /* ProfileViewController.h */,
				5D329D2C20FD16C500C180C9 /* ProfileViewController.m */,
				5D329D2E20FD16DD00C180C9 /* DetailViewController.h */,
				5D329D2F20FD16DD00C180C9 /* DetailViewController.m */,
				5D329D3120FD170500C180C9 /* CategoriesViewController.h */,
				5D329D3220FD170500C180C9 /* CategoriesViewController.m */,
				5D329D3420FD172000C180C9 /* ActCategoryViewController.h */,
				5D329D3520FD172000C180C9 /* ActCategoryViewController.m */,
				5D329D3720FD184900C180C9 /* LoginViewController.h */,
				5D329D3820FD184900C180C9 /* LoginViewController.m */,
				548438A520FFB65700592EB1 /* SearchViewController.h */,
				548438A620FFB65700592EB1 /* SearchViewController.m */,
				2C5C3B9821010DAA004568EF /* PhotoMapViewController.h */,
				2C5C3B9921010DAA004568EF /* PhotoMapViewController.m */,
				2C5C3B9D2101105C004568EF /* LocationsViewController.h */,
				2C5C3B9E2101105C004568EF /* LocationsViewController.m */,
				2C23A5CE2106A61C00BD228A /* DescriptionViewController.h */,
				2C23A5CF2106A61C00BD228A /* DescriptionViewController.m */,
				2CBE62A821091404000A4592 /* FullDescriptionViewController.h */,
				2CBE62A921091404000A4592 /* FullDescriptionViewController.m */,
				5DB64CC121066545002AE20E /* PopupViewController.h */,
				5DB64CC221066545002AE20E /* PopupViewController.m */,
				5D1E72E72107E7BE00C0FA8E /* PopoverViewController.h */,
				5D1E72E82107E7BE00C0FA8E /* PopoverViewController.m */,
			);
			path = "View Controllers";
			sourceTree = "<group>";
		};
		5D329D2520FD163C00C180C9 /* Models */ = {
			isa = PBXGroup;
			children = (
				5D1E72EB2109406300C0FA8E /* AppDelegate.h */,
				5D1E72EA2109406300C0FA8E /* AppDelegate.m */,
				5D329D2620FD164700C180C9 /* Parse Objects */,
				5D329D4E20FD436C00C180C9 /* InitializeDB.h */,
				5D329D4F20FD436C00C180C9 /* InitializeDB.m */,
				5DB1008F20FE64A70085C785 /* PointToLevelConverter.h */,
				5DB1009020FE64A70085C785 /* PointToLevelConverter.m */,
				5DB1009820FEB7CE0085C785 /* ImageToFileConversion.h */,
				5DB1009920FEB7CE0085C785 /* ImageToFileConversion.m */,
				5D190FBE210001CA002A469B /* DateFunctions.h */,
				5D190FBF210001CA002A469B /* DateFunctions.m */,
				54BE1DAB2106A01000DA4A25 /* Tweet.h */,
				54BE1DAC2106A01000DA4A25 /* Tweet.m */,
				5D1E72E42107BBFE00C0FA8E /* MessageView.h */,
				5D1E72E52107BBFE00C0FA8E /* MessageView.m */,
			);
			path = Models;
			sourceTree = "<group>";
		};
		5D329D2620FD164700C180C9 /* Parse Objects */ = {
			isa = PBXGroup;
			children = (
				5D329D3D20FD1AA900C180C9 /* Act.h */,
				5D329D3E20FD1AA900C180C9 /* Act.m */,
				5D329D4020FD1C9C00C180C9 /* CustomUser.h */,
				5D329D4120FD1C9C00C180C9 /* CustomUser.m */,
				5D329D4320FD1F4200C180C9 /* Badge.h */,
				5D329D4420FD1F4200C180C9 /* Badge.m */,
				5DB1009520FE725D0085C785 /* ActCategory.h */,
				5DB1009620FE725D0085C785 /* ActCategory.m */,
				5D190FC121000EB3002A469B /* Post.h */,
				5D190FC221000EB3002A469B /* Post.m */,
			);
			path = "Parse Objects";
			sourceTree = "<group>";
		};
		5DB64CBB21064AF8002AE20E /* Views */ = {
			isa = PBXGroup;
			children = (
				5D190FBB20FFEEA4002A469B /* DetailHeaderView.h */,
				5D190FBC20FFEEA4002A469B /* DetailHeaderView.m */,
				5D329D5120FD4BB800C180C9 /* ProfileHeader.h */,
				5D329D5220FD4BB800C180C9 /* ProfileHeader.m */,
				5DB64CC421066658002AE20E /* PopupView.h */,
				5DB64CC521066658002AE20E /* PopupView.m */,
				5DB64CBC21065055002AE20E /* PopupViewXIB.xib */,
			);
			path = Views;
			sourceTree = "<group>";
		};
		8349B1D073D44B5E2253CBC7 /* Pods */ = {
			isa = PBXGroup;
			children = (
				4B9A6A7785C92F60E4FC7424 /* Pods-rak.debug.xcconfig */,
				7BAF82B4EFD8956D071E8D9F /* Pods-rak.release.xcconfig */,
				4CEB9DAA8DEDF6E751A58229 /* Pods-rakTests.debug.xcconfig */,
				9F3DB2BA3A4F1BCE6D085B20 /* Pods-rakTests.release.xcconfig */,
				A288DE4640DD2FDB9AFB2CD5 /* Pods-rakUITests.debug.xcconfig */,
				619B39390757B38624E8FACC /* Pods-rakUITests.release.xcconfig */,
			);
			name = Pods;
			sourceTree = "<group>";
		};
		EA718A4FA4E3D76E6A42E741 /* Frameworks */ = {
			isa = PBXGroup;
			children = (
				2CE1BB822109599B00F2ACA4 /* QuartzCore.framework */,
				2C5C3B9B21010E4C004568EF /* MapKit.framework */,
				548438A820FFEB4900592EB1 /* UserNotifications.framework */,
				2ECDF13E0D63C064B2817FBB /* libPods-rak.a */,
				317354D07177A40A39F507D7 /* libPods-rakTests.a */,
				30BBCAE358F1561EE6BE6516 /* libPods-rakUITests.a */,
			);
			name = Frameworks;
			sourceTree = "<group>";
		};
/* End PBXGroup section */

/* Begin PBXNativeTarget section */
		5D329CE520FD15A200C180C9 /* rak */ = {
			isa = PBXNativeTarget;
			buildConfigurationList = 5D329D1220FD15A300C180C9 /* Build configuration list for PBXNativeTarget "rak" */;
			buildPhases = (
				B62C08A96DA2DE2244F260D1 /* [CP] Check Pods Manifest.lock */,
				5D329CE220FD15A200C180C9 /* Sources */,
				5D329CE320FD15A200C180C9 /* Frameworks */,
				5D329CE420FD15A200C180C9 /* Resources */,
				6CCA1475F869D07693311070 /* [CP] Copy Pods Resources */,
			);
			buildRules = (
			);
			dependencies = (
			);
			name = rak;
			productName = rak;
			productReference = 5D329CE620FD15A200C180C9 /* rak.app */;
			productType = "com.apple.product-type.application";
		};
		5D329CFD20FD15A300C180C9 /* rakTests */ = {
			isa = PBXNativeTarget;
			buildConfigurationList = 5D329D1520FD15A300C180C9 /* Build configuration list for PBXNativeTarget "rakTests" */;
			buildPhases = (
				2E0942DBC7B526A0F83DCAFC /* [CP] Check Pods Manifest.lock */,
				5D329CFA20FD15A300C180C9 /* Sources */,
				5D329CFB20FD15A300C180C9 /* Frameworks */,
				5D329CFC20FD15A300C180C9 /* Resources */,
			);
			buildRules = (
			);
			dependencies = (
				5D329D0020FD15A300C180C9 /* PBXTargetDependency */,
			);
			name = rakTests;
			productName = rakTests;
			productReference = 5D329CFE20FD15A300C180C9 /* rakTests.xctest */;
			productType = "com.apple.product-type.bundle.unit-test";
		};
		5D329D0820FD15A300C180C9 /* rakUITests */ = {
			isa = PBXNativeTarget;
			buildConfigurationList = 5D329D1820FD15A300C180C9 /* Build configuration list for PBXNativeTarget "rakUITests" */;
			buildPhases = (
				81BBF26F29431F1E3A8A6024 /* [CP] Check Pods Manifest.lock */,
				5D329D0520FD15A300C180C9 /* Sources */,
				5D329D0620FD15A300C180C9 /* Frameworks */,
				5D329D0720FD15A300C180C9 /* Resources */,
			);
			buildRules = (
			);
			dependencies = (
				5D329D0B20FD15A300C180C9 /* PBXTargetDependency */,
			);
			name = rakUITests;
			productName = rakUITests;
			productReference = 5D329D0920FD15A300C180C9 /* rakUITests.xctest */;
			productType = "com.apple.product-type.bundle.ui-testing";
		};
/* End PBXNativeTarget section */

/* Begin PBXProject section */
		5D329CDE20FD15A200C180C9 /* Project object */ = {
			isa = PBXProject;
			attributes = {
				LastUpgradeCheck = 0940;
				ORGANIZATIONNAME = "Really Awesome Kids";
				TargetAttributes = {
					5D329CE520FD15A200C180C9 = {
						CreatedOnToolsVersion = 9.4.1;
					};
					5D329CFD20FD15A300C180C9 = {
						CreatedOnToolsVersion = 9.4.1;
						TestTargetID = 5D329CE520FD15A200C180C9;
					};
					5D329D0820FD15A300C180C9 = {
						CreatedOnToolsVersion = 9.4.1;
						TestTargetID = 5D329CE520FD15A200C180C9;
					};
				};
			};
			buildConfigurationList = 5D329CE120FD15A200C180C9 /* Build configuration list for PBXProject "rak" */;
			compatibilityVersion = "Xcode 9.3";
			developmentRegion = en;
			hasScannedForEncodings = 0;
			knownRegions = (
				en,
				Base,
			);
			mainGroup = 5D329CDD20FD15A200C180C9;
			productRefGroup = 5D329CE720FD15A200C180C9 /* Products */;
			projectDirPath = "";
			projectRoot = "";
			targets = (
				5D329CE520FD15A200C180C9 /* rak */,
				5D329CFD20FD15A300C180C9 /* rakTests */,
				5D329D0820FD15A300C180C9 /* rakUITests */,
			);
		};
/* End PBXProject section */

/* Begin PBXResourcesBuildPhase section */
		5D329CE420FD15A200C180C9 /* Resources */ = {
			isa = PBXResourcesBuildPhase;
			buildActionMask = 2147483647;
			files = (
				5D329D2220FD160C00C180C9 /* Profile.storyboard in Resources */,
				5DB64CBD21065055002AE20E /* PopupViewXIB.xib in Resources */,
				5D329D1E20FD15F300C180C9 /* Category.storyboard in Resources */,
				5D329CF620FD15A300C180C9 /* LaunchScreen.storyboard in Resources */,
				5D329CF320FD15A300C180C9 /* Assets.xcassets in Resources */,
				5D329D2020FD15FE00C180C9 /* Home.storyboard in Resources */,
				5D329CF120FD15A200C180C9 /* Main.storyboard in Resources */,
				548438A420FFAD8B00592EB1 /* Search.storyboard in Resources */,
				548438AD20FFF8EB00592EB1 /* Map.storyboard in Resources */,
				548438AB20FFF7F900592EB1 /* Timeline.storyboard in Resources */,
				5D329D4720FD208200C180C9 /* ActDetail.storyboard in Resources */,
			);
			runOnlyForDeploymentPostprocessing = 0;
		};
		5D329CFC20FD15A300C180C9 /* Resources */ = {
			isa = PBXResourcesBuildPhase;
			buildActionMask = 2147483647;
			files = (
			);
			runOnlyForDeploymentPostprocessing = 0;
		};
		5D329D0720FD15A300C180C9 /* Resources */ = {
			isa = PBXResourcesBuildPhase;
			buildActionMask = 2147483647;
			files = (
			);
			runOnlyForDeploymentPostprocessing = 0;
		};
/* End PBXResourcesBuildPhase section */

/* Begin PBXShellScriptBuildPhase section */
		2E0942DBC7B526A0F83DCAFC /* [CP] Check Pods Manifest.lock */ = {
			isa = PBXShellScriptBuildPhase;
			buildActionMask = 2147483647;
			files = (
			);
			inputPaths = (
				"${PODS_PODFILE_DIR_PATH}/Podfile.lock",
				"${PODS_ROOT}/Manifest.lock",
			);
			name = "[CP] Check Pods Manifest.lock";
			outputPaths = (
				"$(DERIVED_FILE_DIR)/Pods-rakTests-checkManifestLockResult.txt",
			);
			runOnlyForDeploymentPostprocessing = 0;
			shellPath = /bin/sh;
			shellScript = "diff \"${PODS_PODFILE_DIR_PATH}/Podfile.lock\" \"${PODS_ROOT}/Manifest.lock\" > /dev/null\nif [ $? != 0 ] ; then\n    # print error to STDERR\n    echo \"error: The sandbox is not in sync with the Podfile.lock. Run 'pod install' or update your CocoaPods installation.\" >&2\n    exit 1\nfi\n# This output is used by Xcode 'outputs' to avoid re-running this script phase.\necho \"SUCCESS\" > \"${SCRIPT_OUTPUT_FILE_0}\"\n";
			showEnvVarsInLog = 0;
		};
		6CCA1475F869D07693311070 /* [CP] Copy Pods Resources */ = {
			isa = PBXShellScriptBuildPhase;
			buildActionMask = 2147483647;
			files = (
			);
			inputPaths = (
				"${SRCROOT}/Pods/Target Support Files/Pods-rak/Pods-rak-resources.sh",
				"${PODS_CONFIGURATION_BUILD_DIR}/Parse/Parse.bundle",
				"${PODS_ROOT}/ParseUI/ParseUI/Resources/Localization/en.lproj",
				"${PODS_ROOT}/ParseUI/ParseUI/Resources/Localization/fr.lproj",
				"${PODS_ROOT}/ParseUI/ParseUI/Resources/Localization/pt-BR.lproj",
			);
			name = "[CP] Copy Pods Resources";
			outputPaths = (
				"${TARGET_BUILD_DIR}/${UNLOCALIZED_RESOURCES_FOLDER_PATH}/Parse.bundle",
				"${TARGET_BUILD_DIR}/${UNLOCALIZED_RESOURCES_FOLDER_PATH}/en.lproj",
				"${TARGET_BUILD_DIR}/${UNLOCALIZED_RESOURCES_FOLDER_PATH}/fr.lproj",
				"${TARGET_BUILD_DIR}/${UNLOCALIZED_RESOURCES_FOLDER_PATH}/pt-BR.lproj",
			);
			runOnlyForDeploymentPostprocessing = 0;
			shellPath = /bin/sh;
			shellScript = "\"${SRCROOT}/Pods/Target Support Files/Pods-rak/Pods-rak-resources.sh\"\n";
			showEnvVarsInLog = 0;
		};
		81BBF26F29431F1E3A8A6024 /* [CP] Check Pods Manifest.lock */ = {
			isa = PBXShellScriptBuildPhase;
			buildActionMask = 2147483647;
			files = (
			);
			inputPaths = (
				"${PODS_PODFILE_DIR_PATH}/Podfile.lock",
				"${PODS_ROOT}/Manifest.lock",
			);
			name = "[CP] Check Pods Manifest.lock";
			outputPaths = (
				"$(DERIVED_FILE_DIR)/Pods-rakUITests-checkManifestLockResult.txt",
			);
			runOnlyForDeploymentPostprocessing = 0;
			shellPath = /bin/sh;
			shellScript = "diff \"${PODS_PODFILE_DIR_PATH}/Podfile.lock\" \"${PODS_ROOT}/Manifest.lock\" > /dev/null\nif [ $? != 0 ] ; then\n    # print error to STDERR\n    echo \"error: The sandbox is not in sync with the Podfile.lock. Run 'pod install' or update your CocoaPods installation.\" >&2\n    exit 1\nfi\n# This output is used by Xcode 'outputs' to avoid re-running this script phase.\necho \"SUCCESS\" > \"${SCRIPT_OUTPUT_FILE_0}\"\n";
			showEnvVarsInLog = 0;
		};
		B62C08A96DA2DE2244F260D1 /* [CP] Check Pods Manifest.lock */ = {
			isa = PBXShellScriptBuildPhase;
			buildActionMask = 2147483647;
			files = (
			);
			inputPaths = (
				"${PODS_PODFILE_DIR_PATH}/Podfile.lock",
				"${PODS_ROOT}/Manifest.lock",
			);
			name = "[CP] Check Pods Manifest.lock";
			outputPaths = (
				"$(DERIVED_FILE_DIR)/Pods-rak-checkManifestLockResult.txt",
			);
			runOnlyForDeploymentPostprocessing = 0;
			shellPath = /bin/sh;
			shellScript = "diff \"${PODS_PODFILE_DIR_PATH}/Podfile.lock\" \"${PODS_ROOT}/Manifest.lock\" > /dev/null\nif [ $? != 0 ] ; then\n    # print error to STDERR\n    echo \"error: The sandbox is not in sync with the Podfile.lock. Run 'pod install' or update your CocoaPods installation.\" >&2\n    exit 1\nfi\n# This output is used by Xcode 'outputs' to avoid re-running this script phase.\necho \"SUCCESS\" > \"${SCRIPT_OUTPUT_FILE_0}\"\n";
			showEnvVarsInLog = 0;
		};
/* End PBXShellScriptBuildPhase section */

/* Begin PBXSourcesBuildPhase section */
		5D329CE220FD15A200C180C9 /* Sources */ = {
			isa = PBXSourcesBuildPhase;
			buildActionMask = 2147483647;
			files = (
				5D329D3920FD184900C180C9 /* LoginViewController.m in Sources */,
				5D329D3020FD16DD00C180C9 /* DetailViewController.m in Sources */,
				5451684F2101506000D45FE3 /* ComposingViewController.m in Sources */,
				5D329CF920FD15A300C180C9 /* main.m in Sources */,
				2C5C3B9F2101105C004568EF /* LocationsViewController.m in Sources */,
				2C23A5D02106A61C00BD228A /* DescriptionViewController.m in Sources */,
				2C23A5D32107E0D100BD228A /* PhotoAnnotation.m in Sources */,
				5451684921010DD200D45FE3 /* TimelineTableViewCell.m in Sources */,
				2C5C3B9A21010DAA004568EF /* PhotoMapViewController.m in Sources */,
				2C5C3B8E20FE672F004568EF /* ActsCell.m in Sources */,
				54BE1DAD2106A01000DA4A25 /* Tweet.m in Sources */,
				5D329D3620FD172000C180C9 /* ActCategoryViewController.m in Sources */,
				5DB1009A20FEB7CE0085C785 /* ImageToFileConversion.m in Sources */,
				5D1E72E62107BBFE00C0FA8E /* MessageView.m in Sources */,
				5D329D5320FD4BB800C180C9 /* ProfileHeader.m in Sources */,
				2C5C3B8B20FD4110004568EF /* CategoriesCell.m in Sources */,
				5DB100A020FEE5FF0085C785 /* DetailViewTableViewCell.m in Sources */,
				2C5C3BA5210112AB004568EF /* LocationCell.m in Sources */,
				548B222D20FD508200D667F7 /* ActsTableViewCell.m in Sources */,
				2CE1BB81210958C800F2ACA4 /* iCarousel.m in Sources */,
				5DB64CC321066545002AE20E /* PopupViewController.m in Sources */,
				5D1E72EC2109406300C0FA8E /* AppDelegate.m in Sources */,
				54516846210018CC00D45FE3 /* TimelineViewController.m in Sources */,
				5DB1009720FE725D0085C785 /* ActCategory.m in Sources */,
				5D329D4520FD1F4200C180C9 /* Badge.m in Sources */,
				5D190FC321000EB3002A469B /* Post.m in Sources */,
				5D329D5020FD436C00C180C9 /* InitializeDB.m in Sources */,
				5D329D5620FD4CBA00C180C9 /* BadgeCell.m in Sources */,
				5D329D4220FD1C9C00C180C9 /* CustomUser.m in Sources */,
				5DB1009120FE64A70085C785 /* PointToLevelConverter.m in Sources */,
				5D329D2D20FD16C500C180C9 /* ProfileViewController.m in Sources */,
				5D329D3F20FD1AA900C180C9 /* Act.m in Sources */,
				5D329D3320FD170500C180C9 /* CategoriesViewController.m in Sources */,
				2C5C3B9120FFB902004568EF /* SearchCell.m in Sources */,
				5D329D2920FD169800C180C9 /* HomeViewController.m in Sources */,
				5D190FC0210001CA002A469B /* DateFunctions.m in Sources */,
				5DB64CC621066658002AE20E /* PopupView.m in Sources */,
				5D190FBD20FFEEA4002A469B /* DetailHeaderView.m in Sources */,
				5D1E72E92107E7BE00C0FA8E /* PopoverViewController.m in Sources */,
				548438A720FFB65700592EB1 /* SearchViewController.m in Sources */,
				54BE1DA621069D8200DA4A25 /* APIManager.m in Sources */,
			);
			runOnlyForDeploymentPostprocessing = 0;
		};
		5D329CFA20FD15A300C180C9 /* Sources */ = {
			isa = PBXSourcesBuildPhase;
			buildActionMask = 2147483647;
			files = (
				5D329D0320FD15A300C180C9 /* rakTests.m in Sources */,
			);
			runOnlyForDeploymentPostprocessing = 0;
		};
		5D329D0520FD15A300C180C9 /* Sources */ = {
			isa = PBXSourcesBuildPhase;
			buildActionMask = 2147483647;
			files = (
				5D329D0E20FD15A300C180C9 /* rakUITests.m in Sources */,
			);
			runOnlyForDeploymentPostprocessing = 0;
		};
/* End PBXSourcesBuildPhase section */

/* Begin PBXTargetDependency section */
		5D329D0020FD15A300C180C9 /* PBXTargetDependency */ = {
			isa = PBXTargetDependency;
			target = 5D329CE520FD15A200C180C9 /* rak */;
			targetProxy = 5D329CFF20FD15A300C180C9 /* PBXContainerItemProxy */;
		};
		5D329D0B20FD15A300C180C9 /* PBXTargetDependency */ = {
			isa = PBXTargetDependency;
			target = 5D329CE520FD15A200C180C9 /* rak */;
			targetProxy = 5D329D0A20FD15A300C180C9 /* PBXContainerItemProxy */;
		};
/* End PBXTargetDependency section */

/* Begin PBXVariantGroup section */
		5D329CEF20FD15A200C180C9 /* Main.storyboard */ = {
			isa = PBXVariantGroup;
			children = (
				5D329CF020FD15A200C180C9 /* Base */,
			);
			name = Main.storyboard;
			sourceTree = "<group>";
		};
		5D329CF420FD15A300C180C9 /* LaunchScreen.storyboard */ = {
			isa = PBXVariantGroup;
			children = (
				5D329CF520FD15A300C180C9 /* Base */,
			);
			name = LaunchScreen.storyboard;
			sourceTree = "<group>";
		};
/* End PBXVariantGroup section */

/* Begin XCBuildConfiguration section */
		5D329D1020FD15A300C180C9 /* Debug */ = {
			isa = XCBuildConfiguration;
			buildSettings = {
				ALWAYS_SEARCH_USER_PATHS = NO;
				CLANG_ANALYZER_NONNULL = YES;
				CLANG_ANALYZER_NUMBER_OBJECT_CONVERSION = YES_AGGRESSIVE;
				CLANG_CXX_LANGUAGE_STANDARD = "gnu++14";
				CLANG_CXX_LIBRARY = "libc++";
				CLANG_ENABLE_MODULES = YES;
				CLANG_ENABLE_OBJC_ARC = YES;
				CLANG_ENABLE_OBJC_WEAK = YES;
				CLANG_WARN_BLOCK_CAPTURE_AUTORELEASING = YES;
				CLANG_WARN_BOOL_CONVERSION = YES;
				CLANG_WARN_COMMA = YES;
				CLANG_WARN_CONSTANT_CONVERSION = YES;
				CLANG_WARN_DEPRECATED_OBJC_IMPLEMENTATIONS = YES;
				CLANG_WARN_DIRECT_OBJC_ISA_USAGE = YES_ERROR;
				CLANG_WARN_DOCUMENTATION_COMMENTS = YES;
				CLANG_WARN_EMPTY_BODY = YES;
				CLANG_WARN_ENUM_CONVERSION = YES;
				CLANG_WARN_INFINITE_RECURSION = YES;
				CLANG_WARN_INT_CONVERSION = YES;
				CLANG_WARN_NON_LITERAL_NULL_CONVERSION = YES;
				CLANG_WARN_OBJC_IMPLICIT_RETAIN_SELF = YES;
				CLANG_WARN_OBJC_LITERAL_CONVERSION = YES;
				CLANG_WARN_OBJC_ROOT_CLASS = YES_ERROR;
				CLANG_WARN_RANGE_LOOP_ANALYSIS = YES;
				CLANG_WARN_STRICT_PROTOTYPES = YES;
				CLANG_WARN_SUSPICIOUS_MOVE = YES;
				CLANG_WARN_UNGUARDED_AVAILABILITY = YES_AGGRESSIVE;
				CLANG_WARN_UNREACHABLE_CODE = YES;
				CLANG_WARN__DUPLICATE_METHOD_MATCH = YES;
				CODE_SIGN_IDENTITY = "iPhone Developer";
				COPY_PHASE_STRIP = NO;
				DEBUG_INFORMATION_FORMAT = dwarf;
				ENABLE_STRICT_OBJC_MSGSEND = YES;
				ENABLE_TESTABILITY = YES;
				GCC_C_LANGUAGE_STANDARD = gnu11;
				GCC_DYNAMIC_NO_PIC = NO;
				GCC_NO_COMMON_BLOCKS = YES;
				GCC_OPTIMIZATION_LEVEL = 0;
				GCC_PREPROCESSOR_DEFINITIONS = (
					"DEBUG=1",
					"$(inherited)",
				);
				GCC_WARN_64_TO_32_BIT_CONVERSION = YES;
				GCC_WARN_ABOUT_RETURN_TYPE = YES_ERROR;
				GCC_WARN_UNDECLARED_SELECTOR = YES;
				GCC_WARN_UNINITIALIZED_AUTOS = YES_AGGRESSIVE;
				GCC_WARN_UNUSED_FUNCTION = YES;
				GCC_WARN_UNUSED_VARIABLE = YES;
				IPHONEOS_DEPLOYMENT_TARGET = 11.4;
				MTL_ENABLE_DEBUG_INFO = YES;
				ONLY_ACTIVE_ARCH = YES;
				SDKROOT = iphoneos;
			};
			name = Debug;
		};
		5D329D1120FD15A300C180C9 /* Release */ = {
			isa = XCBuildConfiguration;
			buildSettings = {
				ALWAYS_SEARCH_USER_PATHS = NO;
				CLANG_ANALYZER_NONNULL = YES;
				CLANG_ANALYZER_NUMBER_OBJECT_CONVERSION = YES_AGGRESSIVE;
				CLANG_CXX_LANGUAGE_STANDARD = "gnu++14";
				CLANG_CXX_LIBRARY = "libc++";
				CLANG_ENABLE_MODULES = YES;
				CLANG_ENABLE_OBJC_ARC = YES;
				CLANG_ENABLE_OBJC_WEAK = YES;
				CLANG_WARN_BLOCK_CAPTURE_AUTORELEASING = YES;
				CLANG_WARN_BOOL_CONVERSION = YES;
				CLANG_WARN_COMMA = YES;
				CLANG_WARN_CONSTANT_CONVERSION = YES;
				CLANG_WARN_DEPRECATED_OBJC_IMPLEMENTATIONS = YES;
				CLANG_WARN_DIRECT_OBJC_ISA_USAGE = YES_ERROR;
				CLANG_WARN_DOCUMENTATION_COMMENTS = YES;
				CLANG_WARN_EMPTY_BODY = YES;
				CLANG_WARN_ENUM_CONVERSION = YES;
				CLANG_WARN_INFINITE_RECURSION = YES;
				CLANG_WARN_INT_CONVERSION = YES;
				CLANG_WARN_NON_LITERAL_NULL_CONVERSION = YES;
				CLANG_WARN_OBJC_IMPLICIT_RETAIN_SELF = YES;
				CLANG_WARN_OBJC_LITERAL_CONVERSION = YES;
				CLANG_WARN_OBJC_ROOT_CLASS = YES_ERROR;
				CLANG_WARN_RANGE_LOOP_ANALYSIS = YES;
				CLANG_WARN_STRICT_PROTOTYPES = YES;
				CLANG_WARN_SUSPICIOUS_MOVE = YES;
				CLANG_WARN_UNGUARDED_AVAILABILITY = YES_AGGRESSIVE;
				CLANG_WARN_UNREACHABLE_CODE = YES;
				CLANG_WARN__DUPLICATE_METHOD_MATCH = YES;
				CODE_SIGN_IDENTITY = "iPhone Developer";
				COPY_PHASE_STRIP = NO;
				DEBUG_INFORMATION_FORMAT = "dwarf-with-dsym";
				ENABLE_NS_ASSERTIONS = NO;
				ENABLE_STRICT_OBJC_MSGSEND = YES;
				GCC_C_LANGUAGE_STANDARD = gnu11;
				GCC_NO_COMMON_BLOCKS = YES;
				GCC_WARN_64_TO_32_BIT_CONVERSION = YES;
				GCC_WARN_ABOUT_RETURN_TYPE = YES_ERROR;
				GCC_WARN_UNDECLARED_SELECTOR = YES;
				GCC_WARN_UNINITIALIZED_AUTOS = YES_AGGRESSIVE;
				GCC_WARN_UNUSED_FUNCTION = YES;
				GCC_WARN_UNUSED_VARIABLE = YES;
				IPHONEOS_DEPLOYMENT_TARGET = 11.4;
				MTL_ENABLE_DEBUG_INFO = NO;
				SDKROOT = iphoneos;
				VALIDATE_PRODUCT = YES;
			};
			name = Release;
		};
		5D329D1320FD15A300C180C9 /* Debug */ = {
			isa = XCBuildConfiguration;
			baseConfigurationReference = 4B9A6A7785C92F60E4FC7424 /* Pods-rak.debug.xcconfig */;
			buildSettings = {
				ASSETCATALOG_COMPILER_APPICON_NAME = AppIcon;
				CODE_SIGN_STYLE = Automatic;
				DEVELOPMENT_TEAM = QG5695H4LD;
				FRAMEWORK_SEARCH_PATHS = "";
				INFOPLIST_FILE = rak/Info.plist;
				LD_RUNPATH_SEARCH_PATHS = (
					"$(inherited)",
					"@executable_path/Frameworks",
				);
				PRODUCT_BUNDLE_IDENTIFIER = rak.rak;
				PRODUCT_NAME = "$(TARGET_NAME)";
				TARGETED_DEVICE_FAMILY = "1,2";
			};
			name = Debug;
		};
		5D329D1420FD15A300C180C9 /* Release */ = {
			isa = XCBuildConfiguration;
			baseConfigurationReference = 7BAF82B4EFD8956D071E8D9F /* Pods-rak.release.xcconfig */;
			buildSettings = {
				ASSETCATALOG_COMPILER_APPICON_NAME = AppIcon;
				CODE_SIGN_STYLE = Automatic;
				DEVELOPMENT_TEAM = QG5695H4LD;
				FRAMEWORK_SEARCH_PATHS = "";
				INFOPLIST_FILE = rak/Info.plist;
				LD_RUNPATH_SEARCH_PATHS = (
					"$(inherited)",
					"@executable_path/Frameworks",
				);
				PRODUCT_BUNDLE_IDENTIFIER = rak.rak;
				PRODUCT_NAME = "$(TARGET_NAME)";
				TARGETED_DEVICE_FAMILY = "1,2";
			};
			name = Release;
		};
		5D329D1620FD15A300C180C9 /* Debug */ = {
			isa = XCBuildConfiguration;
			baseConfigurationReference = 4CEB9DAA8DEDF6E751A58229 /* Pods-rakTests.debug.xcconfig */;
			buildSettings = {
				BUNDLE_LOADER = "$(TEST_HOST)";
				CODE_SIGN_STYLE = Automatic;
				INFOPLIST_FILE = rakTests/Info.plist;
				LD_RUNPATH_SEARCH_PATHS = (
					"$(inherited)",
					"@executable_path/Frameworks",
					"@loader_path/Frameworks",
				);
				PRODUCT_BUNDLE_IDENTIFIER = rak.rakTests;
				PRODUCT_NAME = "$(TARGET_NAME)";
				TARGETED_DEVICE_FAMILY = "1,2";
				TEST_HOST = "$(BUILT_PRODUCTS_DIR)/rak.app/rak";
			};
			name = Debug;
		};
		5D329D1720FD15A300C180C9 /* Release */ = {
			isa = XCBuildConfiguration;
			baseConfigurationReference = 9F3DB2BA3A4F1BCE6D085B20 /* Pods-rakTests.release.xcconfig */;
			buildSettings = {
				BUNDLE_LOADER = "$(TEST_HOST)";
				CODE_SIGN_STYLE = Automatic;
				INFOPLIST_FILE = rakTests/Info.plist;
				LD_RUNPATH_SEARCH_PATHS = (
					"$(inherited)",
					"@executable_path/Frameworks",
					"@loader_path/Frameworks",
				);
				PRODUCT_BUNDLE_IDENTIFIER = rak.rakTests;
				PRODUCT_NAME = "$(TARGET_NAME)";
				TARGETED_DEVICE_FAMILY = "1,2";
				TEST_HOST = "$(BUILT_PRODUCTS_DIR)/rak.app/rak";
			};
			name = Release;
		};
		5D329D1920FD15A300C180C9 /* Debug */ = {
			isa = XCBuildConfiguration;
			baseConfigurationReference = A288DE4640DD2FDB9AFB2CD5 /* Pods-rakUITests.debug.xcconfig */;
			buildSettings = {
				CODE_SIGN_STYLE = Automatic;
				INFOPLIST_FILE = rakUITests/Info.plist;
				LD_RUNPATH_SEARCH_PATHS = (
					"$(inherited)",
					"@executable_path/Frameworks",
					"@loader_path/Frameworks",
				);
				PRODUCT_BUNDLE_IDENTIFIER = rak.rakUITests;
				PRODUCT_NAME = "$(TARGET_NAME)";
				TARGETED_DEVICE_FAMILY = "1,2";
				TEST_TARGET_NAME = rak;
			};
			name = Debug;
		};
		5D329D1A20FD15A300C180C9 /* Release */ = {
			isa = XCBuildConfiguration;
			baseConfigurationReference = 619B39390757B38624E8FACC /* Pods-rakUITests.release.xcconfig */;
			buildSettings = {
				CODE_SIGN_STYLE = Automatic;
				INFOPLIST_FILE = rakUITests/Info.plist;
				LD_RUNPATH_SEARCH_PATHS = (
					"$(inherited)",
					"@executable_path/Frameworks",
					"@loader_path/Frameworks",
				);
				PRODUCT_BUNDLE_IDENTIFIER = rak.rakUITests;
				PRODUCT_NAME = "$(TARGET_NAME)";
				TARGETED_DEVICE_FAMILY = "1,2";
				TEST_TARGET_NAME = rak;
			};
			name = Release;
		};
/* End XCBuildConfiguration section */

/* Begin XCConfigurationList section */
		5D329CE120FD15A200C180C9 /* Build configuration list for PBXProject "rak" */ = {
			isa = XCConfigurationList;
			buildConfigurations = (
				5D329D1020FD15A300C180C9 /* Debug */,
				5D329D1120FD15A300C180C9 /* Release */,
			);
			defaultConfigurationIsVisible = 0;
			defaultConfigurationName = Release;
		};
		5D329D1220FD15A300C180C9 /* Build configuration list for PBXNativeTarget "rak" */ = {
			isa = XCConfigurationList;
			buildConfigurations = (
				5D329D1320FD15A300C180C9 /* Debug */,
				5D329D1420FD15A300C180C9 /* Release */,
			);
			defaultConfigurationIsVisible = 0;
			defaultConfigurationName = Release;
		};
		5D329D1520FD15A300C180C9 /* Build configuration list for PBXNativeTarget "rakTests" */ = {
			isa = XCConfigurationList;
			buildConfigurations = (
				5D329D1620FD15A300C180C9 /* Debug */,
				5D329D1720FD15A300C180C9 /* Release */,
			);
			defaultConfigurationIsVisible = 0;
			defaultConfigurationName = Release;
		};
		5D329D1820FD15A300C180C9 /* Build configuration list for PBXNativeTarget "rakUITests" */ = {
			isa = XCConfigurationList;
			buildConfigurations = (
				5D329D1920FD15A300C180C9 /* Debug */,
				5D329D1A20FD15A300C180C9 /* Release */,
			);
			defaultConfigurationIsVisible = 0;
			defaultConfigurationName = Release;
		};
/* End XCConfigurationList section */
	};
	rootObject = 5D329CDE20FD15A200C180C9 /* Project object */;
}
